# This file is generated by running "yarn install" inside your project.
# Manual changes might be lost - proceed with caution!

__metadata:
  version: 5
  cacheKey: 8

"@babel/helper-plugin-utils@npm:^7.14.5":
  version: 7.14.5
  resolution: "@babel/helper-plugin-utils@npm:7.14.5"
  checksum: fe20e90a24d02770a60ebe80ab9f0dfd7258503cea8006c71709ac9af1aa3e47b0de569499673f11ea6c99597f8c0e4880ae1d505986e61101b69716820972fe
  languageName: node
  linkType: hard

"@babel/helper-validator-identifier@npm:^7.14.9":
  version: 7.15.7
  resolution: "@babel/helper-validator-identifier@npm:7.15.7"
  checksum: f041c28c531d1add5cc345b25d5df3c29c62bce3205b4d4a93dcd164ccf630350acba252d374fad8f5d8ea526995a215829f27183ba7ce7ce141843bf23068a6
  languageName: node
  linkType: hard

"@babel/plugin-syntax-jsx@npm:7.14.5":
  version: 7.14.5
  resolution: "@babel/plugin-syntax-jsx@npm:7.14.5"
  dependencies:
    "@babel/helper-plugin-utils": ^7.14.5
  peerDependencies:
    "@babel/core": ^7.0.0-0
  checksum: 3a2ba87534b0f9ee70eba0754d2ae544825c25afd98efb8e42b41399e02de4cc5b1f70fc5ce444fb7a7e5b09972c289eed2f00917be5b88d67407f4cbde8e960
  languageName: node
  linkType: hard

"@babel/types@npm:7.15.0":
  version: 7.15.0
  resolution: "@babel/types@npm:7.15.0"
  dependencies:
    "@babel/helper-validator-identifier": ^7.14.9
    to-fast-properties: ^2.0.0
  checksum: 6d6bcdfce94b5446520a24087c6dede453e28425af092965b304d4028e9bca79712fd691cdad031e3570c7667bf3206e5f642bcccbfccb33d42ca4a8203587f9
  languageName: node
  linkType: hard

"@next/env@npm:12.0.8":
  version: 12.0.8
  resolution: "@next/env@npm:12.0.8"
  checksum: 2ef94e2a248ea39d770f3a7aaae629bdeb46c8e694a01353888c146459d2cffb81394240071faca13cf6c155a404e5110517bb5aa654dcfda3d77b907db33bcf
  languageName: node
  linkType: hard

"@next/react-refresh-utils@npm:12.0.8":
  version: 12.0.8
  resolution: "@next/react-refresh-utils@npm:12.0.8"
  peerDependencies:
    react-refresh: 0.8.3
    webpack: ^4 || ^5
  peerDependenciesMeta:
    webpack:
      optional: true
  checksum: 11232c954026c0cc03bad2cd556f89e0bb99e9a4ad67e1058f3107da829c33f2540865a29dbc99412246701de1e3f3b39d5d715490c1b4c4632d5a5aaf61ac84
  languageName: node
  linkType: hard

"@next/swc-android-arm64@npm:12.0.8":
  version: 12.0.8
  resolution: "@next/swc-android-arm64@npm:12.0.8"
  conditions: os=android & cpu=arm64
  languageName: node
  linkType: hard

"@next/swc-darwin-arm64@npm:12.0.8":
  version: 12.0.8
  resolution: "@next/swc-darwin-arm64@npm:12.0.8"
  conditions: os=darwin & cpu=arm64
  languageName: node
  linkType: hard

"@next/swc-darwin-x64@npm:12.0.8":
  version: 12.0.8
  resolution: "@next/swc-darwin-x64@npm:12.0.8"
  conditions: os=darwin & cpu=x64
  languageName: node
  linkType: hard

"@next/swc-linux-arm-gnueabihf@npm:12.0.8":
  version: 12.0.8
  resolution: "@next/swc-linux-arm-gnueabihf@npm:12.0.8"
  conditions: os=linux & cpu=arm
  languageName: node
  linkType: hard

"@next/swc-linux-arm64-gnu@npm:12.0.8":
  version: 12.0.8
  resolution: "@next/swc-linux-arm64-gnu@npm:12.0.8"
  conditions: os=linux & cpu=arm64
  languageName: node
  linkType: hard

"@next/swc-linux-arm64-musl@npm:12.0.8":
  version: 12.0.8
  resolution: "@next/swc-linux-arm64-musl@npm:12.0.8"
  conditions: os=linux & cpu=arm64
  languageName: node
  linkType: hard

"@next/swc-linux-x64-gnu@npm:12.0.8":
  version: 12.0.8
  resolution: "@next/swc-linux-x64-gnu@npm:12.0.8"
  conditions: os=linux & cpu=x64
  languageName: node
  linkType: hard

"@next/swc-linux-x64-musl@npm:12.0.8":
  version: 12.0.8
  resolution: "@next/swc-linux-x64-musl@npm:12.0.8"
  conditions: os=linux & cpu=x64
  languageName: node
  linkType: hard

"@next/swc-win32-arm64-msvc@npm:12.0.8":
  version: 12.0.8
  resolution: "@next/swc-win32-arm64-msvc@npm:12.0.8"
  conditions: os=win32 & cpu=arm64
  languageName: node
  linkType: hard

"@next/swc-win32-ia32-msvc@npm:12.0.8":
  version: 12.0.8
  resolution: "@next/swc-win32-ia32-msvc@npm:12.0.8"
  conditions: os=win32 & cpu=ia32
  languageName: node
  linkType: hard

"@next/swc-win32-x64-msvc@npm:12.0.8":
  version: 12.0.8
  resolution: "@next/swc-win32-x64-msvc@npm:12.0.8"
  conditions: os=win32 & cpu=x64
  languageName: node
  linkType: hard

"@types/lodash@npm:4.14.178":
  version: 4.14.178
  resolution: "@types/lodash@npm:4.14.178"
  checksum: a69a04a60bfc5257c3130a554b4efa0c383f0141b7b3db8ab7cf07ad2a46ea085fce66d0242da41da7e5647b133d5dfb2c15add9cbed8d7fef955e4a1e5b3128
  languageName: node
  linkType: hard

"@types/node@npm:*":
  version: 16.11.10
  resolution: "@types/node@npm:16.11.10"
  checksum: 9c79419c5c3d92d5825bffa30f3668533f598d8b63a73ea7fc24e47f162bdbed92b0f8e4f4261cc3314b39cee050e303366d2aa154abc95c63a572a110b8c160
  languageName: node
  linkType: hard

"@types/node@npm:16.11.19":
  version: 16.11.19
  resolution: "@types/node@npm:16.11.19"
  checksum: a9ba0cd1e61c8ad50f3fc9c2b37b795bf0286dacb39dcc985da90328abf0c5151dffe9932d20bc9a6a52c3ce7bfc1e5a7c2dc1416480fb84f1c2d70e25caeba0
  languageName: node
  linkType: hard

"@types/promise-memoize@npm:1.2.1":
  version: 1.2.1
  resolution: "@types/promise-memoize@npm:1.2.1"
  checksum: f018f8d55264ac650cc21b6cbe6de98ab6608ef6a673469d3fe16e4c978a73d7c9a8265a6a0e19d459243c78203f4dd1400280e7ffe8a58091b469dbad398da8
  languageName: node
  linkType: hard

"@types/prop-types@npm:*":
  version: 15.7.3
  resolution: "@types/prop-types@npm:15.7.3"
  checksum: 41831d53c44c9eeafdaf9762bcb4553c13a3bbf990745ed9065a1cc3581b80633113b53fd49b202bf51731b258da5d0a9aa09c9035d5af7f78b0f6bc273f1325
  languageName: node
  linkType: hard

"@types/react-dom@npm:17.0.11":
  version: 17.0.11
  resolution: "@types/react-dom@npm:17.0.11"
  dependencies:
    "@types/react": "*"
  checksum: 4d5730dffbef86c887cecad7e3cecda424ce6a64d0b5441c63b5b015d48219868660a2bb1aa15e897e565ad8867fa6b885d4358b04e1c4e589ba4c07c3fda55c
  languageName: node
  linkType: hard

"@types/react@npm:*":
  version: 17.0.37
  resolution: "@types/react@npm:17.0.37"
  dependencies:
    "@types/prop-types": "*"
    "@types/scheduler": "*"
    csstype: ^3.0.2
  checksum: e68b0d59aa69577fc6a6d654b25d5d8408625498f4c483f160b557fac21e840f6e8807cbde93e9f039949b6d624a019b1990d18499c1d65aecf3605c25e30242
  languageName: node
  linkType: hard

"@types/react@npm:17.0.38":
  version: 17.0.38
  resolution: "@types/react@npm:17.0.38"
  dependencies:
    "@types/prop-types": "*"
    "@types/scheduler": "*"
    csstype: ^3.0.2
  checksum: 4079f4f959cd4a4bfaeda8b89fe8a1b1f8bdc9d87acfdc5f74a0b39cec9ec6a470724357c62778c0f063180b360c250e920c5a142f1dbcda67d9cc25a6d43a85
  languageName: node
  linkType: hard

"@types/scheduler@npm:*":
  version: 0.16.1
  resolution: "@types/scheduler@npm:0.16.1"
  checksum: 2ff8034df029a6cbb3623b05fa895cac4fc504806a8e948ebe29675a1edfa5ac04faac7611016076b3ffefc2037bbe344ad1978304059b2d4c78e513ec43c7bf
  languageName: node
  linkType: hard

"@types/url-join@npm:4.0.1":
  version: 4.0.1
  resolution: "@types/url-join@npm:4.0.1"
  checksum: 29444b90e165b3970c8ad3fcef1e2de092e72b67e1f3aaff3016eea1697f98a01a28fb4f71f8044e3338a95bd2262327e9299be416efe5297018658760a331b4
  languageName: node
  linkType: hard

"abort-controller@npm:3.0.0":
  version: 3.0.0
  resolution: "abort-controller@npm:3.0.0"
  dependencies:
    event-target-shim: ^5.0.0
  checksum: 170bdba9b47b7e65906a28c8ce4f38a7a369d78e2271706f020849c1bfe0ee2067d4261df8bbb66eb84f79208fd5b710df759d64191db58cfba7ce8ef9c54b75
  languageName: node
  linkType: hard

"big.js@npm:^5.2.2":
  version: 5.2.2
  resolution: "big.js@npm:5.2.2"
  checksum: b89b6e8419b097a8fb4ed2399a1931a68c612bce3cfd5ca8c214b2d017531191070f990598de2fc6f3f993d91c0f08aa82697717f6b3b8732c9731866d233c9e
  languageName: node
  linkType: hard

"caniuse-lite@npm:^1.0.30001283":
  version: 1.0.30001299
  resolution: "caniuse-lite@npm:1.0.30001299"
  checksum: c770f60ebf3e0cc8043ba4db0ebec12d7a595a6b50cb4437c3c5c55b04de9d2413f711f2828be761e8c37bb46b927a8abe6b199b8f0ffc1a34af0ebdee84be27
  languageName: node
  linkType: hard

"colorette@npm:^1.2.2":
  version: 1.2.2
  resolution: "colorette@npm:1.2.2"
  checksum: 69fec14ddaedd0f5b00e4bae40dc4bc61f7050ebdc82983a595d6fd64e650b9dc3c033fff378775683138e992e0ddd8717ac7c7cec4d089679dcfbe3cd921b04
  languageName: node
  linkType: hard

"convert-source-map@npm:1.7.0":
  version: 1.7.0
  resolution: "convert-source-map@npm:1.7.0"
  dependencies:
    safe-buffer: ~5.1.1
  checksum: bcd2e3ea7d37f96b85a6e362c8a89402ccc73757256e3ee53aa2c22fe915adb854c66b1f81111be815a3a6a6ce3c58e8001858e883c9d5b4fe08a853fa865967
  languageName: node
  linkType: hard

"csstype@npm:^3.0.2":
  version: 3.0.5
  resolution: "csstype@npm:3.0.5"
  checksum: bf6a7c84c246b09e4ac21c4890f3e9f7cd203e819fa5f59fee4b642e6a11d403abc5e5fb611367737caec69dec9ccaaa92397d4d528dd99ff0f03791687dd136
  languageName: node
  linkType: hard

"emojis-list@npm:^2.0.0":
  version: 2.1.0
  resolution: "emojis-list@npm:2.1.0"
  checksum: fb61fa6356dfcc9fbe6db8e334c29da365a34d3d82a915cb59621883d3023d804fd5edad5acd42b8eec016936e81d3b38e2faf921b32e073758374253afe1272
  languageName: node
  linkType: hard

"event-target-shim@npm:^5.0.0":
  version: 5.0.1
  resolution: "event-target-shim@npm:5.0.1"
  checksum: 1ffe3bb22a6d51bdeb6bf6f7cf97d2ff4a74b017ad12284cc9e6a279e727dc30a5de6bb613e5596ff4dc3e517841339ad09a7eec44266eccb1aa201a30448166
  languageName: node
  linkType: hard

"font-awesome@npm:4.7.0":
  version: 4.7.0
  resolution: "font-awesome@npm:4.7.0"
  checksum: fa223f6e3b27e97d2d09cdbf0c1363e2ad18d2a685fc045f54e86394db59f7c113482a819de3b6489f42a630a8ec5911b8e65718e45f7cace1c0a1b05d7fce08
  languageName: node
  linkType: hard

"has-flag@npm:^4.0.0":
  version: 4.0.0
  resolution: "has-flag@npm:4.0.0"
  checksum: 261a1357037ead75e338156b1f9452c016a37dcd3283a972a30d9e4a87441ba372c8b81f818cd0fbcd9c0354b4ae7e18b9e1afa1971164aef6d18c2b6095a8ad
  languageName: node
  linkType: hard

"inherits@npm:^2.0.3, inherits@npm:~2.0.4":
  version: 2.0.4
  resolution: "inherits@npm:2.0.4"
  checksum: 4a48a733847879d6cf6691860a6b1e3f0f4754176e4d71494c41f3475553768b10f84b5ce1d40fbd0e34e6bfbb864ee35858ad4dd2cf31e02fc4a154b724d7f1
  languageName: node
  linkType: hard

"jest-worker@npm:27.0.0-next.5":
  version: 27.0.0-next.5
  resolution: "jest-worker@npm:27.0.0-next.5"
  dependencies:
    "@types/node": "*"
    merge-stream: ^2.0.0
    supports-color: ^8.0.0
  checksum: d56bfe67cdb32472d5ffe120bf4956a158155f8d7083c2ef258dc6b498a77d80cbee9aa029bbfb7e72f49e2de0c0dfbf5f76b48d39573f7d020578739ac5ea0d
  languageName: node
  linkType: hard

"js-tokens@npm:^3.0.0 || ^4.0.0":
  version: 4.0.0
  resolution: "js-tokens@npm:4.0.0"
  checksum: 8a95213a5a77deb6cbe94d86340e8d9ace2b93bc367790b260101d2f36a2eaf4e4e22d9fa9cf459b38af3a32fb4190e638024cf82ec95ef708680e405ea7cc78
  languageName: node
  linkType: hard

"json5@npm:^1.0.1":
  version: 1.0.1
  resolution: "json5@npm:1.0.1"
  dependencies:
    minimist: ^1.2.0
  bin:
    json5: lib/cli.js
  checksum: e76ea23dbb8fc1348c143da628134a98adf4c5a4e8ea2adaa74a80c455fc2cdf0e2e13e6398ef819bfe92306b610ebb2002668ed9fc1af386d593691ef346fc3
  languageName: node
  linkType: hard

"loader-utils@npm:1.2.3":
  version: 1.2.3
  resolution: "loader-utils@npm:1.2.3"
  dependencies:
    big.js: ^5.2.2
    emojis-list: ^2.0.0
    json5: ^1.0.1
  checksum: 385407fc2683b6d664276fd41df962296de4a15030bb24389de77b175570c3b56bd896869376ba14cf8b33a9e257e17a91d395739ba7e23b5b68a8749a41df7e
  languageName: node
  linkType: hard

"loose-envify@npm:^1.1.0":
  version: 1.4.0
  resolution: "loose-envify@npm:1.4.0"
  dependencies:
    js-tokens: ^3.0.0 || ^4.0.0
  bin:
    loose-envify: cli.js
  checksum: 6517e24e0cad87ec9888f500c5b5947032cdfe6ef65e1c1936a0c48a524b81e65542c9c3edc91c97d5bddc806ee2a985dbc79be89215d613b1de5db6d1cfe6f4
  languageName: node
  linkType: hard

"make-error-cause@npm:2.3.0":
  version: 2.3.0
  resolution: "make-error-cause@npm:2.3.0"
  dependencies:
    make-error: ^1.3.5
  checksum: b0a39e4351e02d42d5aa2901777ebd5f6d7cc03b15dd0c3cdc4302946b934113770a692e6dfbf781c7a178736595a16dc746c3c4b5feba120164cfe3e64f2a1e
  languageName: node
  linkType: hard

"make-error@npm:1.3.6, make-error@npm:^1.3.5":
  version: 1.3.6
  resolution: "make-error@npm:1.3.6"
  checksum: b86e5e0e25f7f777b77fabd8e2cbf15737972869d852a22b7e73c17623928fccb826d8e46b9951501d3f20e51ad74ba8c59ed584f610526a48f8ccf88aaec402
  languageName: node
  linkType: hard

"merge-stream@npm:^2.0.0":
  version: 2.0.0
  resolution: "merge-stream@npm:2.0.0"
  checksum: 6fa4dcc8d86629705cea944a4b88ef4cb0e07656ebf223fa287443256414283dd25d91c1cd84c77987f2aec5927af1a9db6085757cb43d90eb170ebf4b47f4f4
  languageName: node
  linkType: hard

"minimist@npm:^1.2.0":
  version: 1.2.5
  resolution: "minimist@npm:1.2.5"
  checksum: 86706ce5b36c16bfc35c5fe3dbb01d5acdc9a22f2b6cc810b6680656a1d2c0e44a0159c9a3ba51fb072bb5c203e49e10b51dcd0eec39c481f4c42086719bae52
  languageName: node
  linkType: hard

"nanoid@npm:^3.1.23":
  version: 3.1.25
  resolution: "nanoid@npm:3.1.25"
  bin:
    nanoid: bin/nanoid.cjs
  checksum: e2353828c7d8fde65265e9c981380102e2021f292038a93fd27288bad390339833286e8cbc7531abe1cb2c6b317e55f38b895dcb775151637bb487388558e0ff
  languageName: node
  linkType: hard

"next@npm:12.0.8":
  version: 12.0.8
  resolution: "next@npm:12.0.8"
  dependencies:
    "@next/env": 12.0.8
    "@next/react-refresh-utils": 12.0.8
    "@next/swc-android-arm64": 12.0.8
    "@next/swc-darwin-arm64": 12.0.8
    "@next/swc-darwin-x64": 12.0.8
    "@next/swc-linux-arm-gnueabihf": 12.0.8
    "@next/swc-linux-arm64-gnu": 12.0.8
    "@next/swc-linux-arm64-musl": 12.0.8
    "@next/swc-linux-x64-gnu": 12.0.8
    "@next/swc-linux-x64-musl": 12.0.8
    "@next/swc-win32-arm64-msvc": 12.0.8
    "@next/swc-win32-ia32-msvc": 12.0.8
    "@next/swc-win32-x64-msvc": 12.0.8
    caniuse-lite: ^1.0.30001283
    jest-worker: 27.0.0-next.5
    node-fetch: 2.6.1
    postcss: 8.2.15
    react-is: 17.0.2
    react-refresh: 0.8.3
    stream-browserify: 3.0.0
    styled-jsx: 5.0.0-beta.6
    use-subscription: 1.5.1
  peerDependencies:
    fibers: ">= 3.1.0"
    node-sass: ^4.0.0 || ^5.0.0 || ^6.0.0
    react: ^17.0.2 || ^18.0.0-0
    react-dom: ^17.0.2 || ^18.0.0-0
    sass: ^1.3.0
  dependenciesMeta:
    "@next/swc-android-arm64":
      optional: true
    "@next/swc-darwin-arm64":
      optional: true
    "@next/swc-darwin-x64":
      optional: true
    "@next/swc-linux-arm-gnueabihf":
      optional: true
    "@next/swc-linux-arm64-gnu":
      optional: true
    "@next/swc-linux-arm64-musl":
      optional: true
    "@next/swc-linux-x64-gnu":
      optional: true
    "@next/swc-linux-x64-musl":
      optional: true
    "@next/swc-win32-arm64-msvc":
      optional: true
    "@next/swc-win32-ia32-msvc":
      optional: true
    "@next/swc-win32-x64-msvc":
      optional: true
  peerDependenciesMeta:
    fibers:
      optional: true
    node-sass:
      optional: true
    sass:
      optional: true
  bin:
    next: dist/bin/next
  checksum: 947f0295aad98eba7593e022bbea72adea32a170feba6f5e7370886356d2944ac1f1260836a17d190717ac2fdf2ad0f45264262016b7e19a95a144216f2309c5
  languageName: node
  linkType: hard

"node-fetch@npm:2.6.1":
  version: 2.6.1
  resolution: "node-fetch@npm:2.6.1"
  checksum: 91075bedd57879117e310fbcc36983ad5d699e522edb1ebcdc4ee5294c982843982652925c3532729fdc86b2d64a8a827797a745f332040d91823c8752ee4d7c
  languageName: node
  linkType: hard

"normalize.css@npm:8.0.1":
  version: 8.0.1
  resolution: "normalize.css@npm:8.0.1"
  checksum: 4698cae88ec35e3f3e82f9f9402e6ffb906c27ccd6373cad88e6b3f5634fc7a043cb38702472299e5edb73825cf8b18d5fd9283f58829eddda79ea97453049a2
  languageName: node
  linkType: hard

"object-assign@npm:^4.1.1":
  version: 4.1.1
  resolution: "object-assign@npm:4.1.1"
  checksum: fcc6e4ea8c7fe48abfbb552578b1c53e0d194086e2e6bbbf59e0a536381a292f39943c6e9628af05b5528aa5e3318bb30d6b2e53cadaf5b8fe9e12c4b69af23f
  languageName: node
  linkType: hard

"observable-hooks@npm:4.2.0":
  version: 4.2.0
  resolution: "observable-hooks@npm:4.2.0"
  peerDependencies:
    react: ">=16.8.0"
    react-dom: ">=16.8.0"
    rxjs: ">=6.0.0"
  checksum: 00870249989bf98764a68a504c954c06b12a52bc1f0227160b6cf8017b22b64ddf6746a6d30514a7926040ce024b0fb75c14d675baa0381ffefefe84b0a875d8
  languageName: node
  linkType: hard

"path-to-regexp@npm:6.2.0":
  version: 6.2.0
  resolution: "path-to-regexp@npm:6.2.0"
  checksum: a6aca74d2d6e2e7594d812f653cf85e9cb5054d3a8d80f099722a44ef6ad22639b02078e5ea83d11db16321c3e4359e3f1ab0274fa78dad0754a6e53f630b0fc
  languageName: node
  linkType: hard

"postcss@npm:8.2.15":
  version: 8.2.15
  resolution: "postcss@npm:8.2.15"
  dependencies:
    colorette: ^1.2.2
    nanoid: ^3.1.23
    source-map: ^0.6.1
  checksum: 07c309e5318843cdbb240b19101c8c679e19cb88544811de921dd9125118d6c0603afe925da7f2ac928dd7d4c0c6380ccdedf032400af5013210a3f145baca5d
  languageName: node
  linkType: hard

"prettier@npm:2.5.1":
  version: 2.5.1
  resolution: "prettier@npm:2.5.1"
  bin:
    prettier: bin-prettier.js
  checksum: 21b9408476ea1c544b0e45d51ceb94a84789ff92095abb710942d780c862d0daebdb29972d47f6b4d0f7ebbfb0ffbf56cc2cfa3e3e9d1cca54864af185b15b66
  languageName: node
  linkType: hard

"promise-memoize@npm:1.2.1":
  version: 1.2.1
  resolution: "promise-memoize@npm:1.2.1"
  checksum: 4fb9dffbd52e58060596f64243e8d04873feeba3e4e6486df6d89ad7036211b5c380ff1d303b8e3b25fcd43ce81c74141d3271db9a6c46914db733c9c6a6b742
  languageName: node
  linkType: hard

"react-dom@npm:17.0.2":
  version: 17.0.2
  resolution: "react-dom@npm:17.0.2"
  dependencies:
    loose-envify: ^1.1.0
    object-assign: ^4.1.1
    scheduler: ^0.20.2
  peerDependencies:
    react: 17.0.2
  checksum: 1c1eaa3bca7c7228d24b70932e3d7c99e70d1d04e13bb0843bbf321582bc25d7961d6b8a6978a58a598af2af496d1cedcfb1bf65f6b0960a0a8161cb8dab743c
  languageName: node
  linkType: hard

"react-is@npm:17.0.2":
  version: 17.0.2
  resolution: "react-is@npm:17.0.2"
  checksum: 9d6d111d8990dc98bc5402c1266a808b0459b5d54830bbea24c12d908b536df7883f268a7868cfaedde3dd9d4e0d574db456f84d2e6df9c4526f99bb4b5344d8
  languageName: node
  linkType: hard

"react-refresh@npm:0.8.3":
  version: 0.8.3
  resolution: "react-refresh@npm:0.8.3"
  checksum: 3cffe5a9cbac1c5d59bf74bf9fff43c987d87ef32098b9092ea94b6637377d86c08565b9374d9397f446b3fbcd95de986ec77220a16f979687cb39b7b89e2f91
  languageName: node
  linkType: hard

"react@npm:17.0.2":
  version: 17.0.2
  resolution: "react@npm:17.0.2"
  dependencies:
    loose-envify: ^1.1.0
    object-assign: ^4.1.1
  checksum: b254cc17ce3011788330f7bbf383ab653c6848902d7936a87b09d835d091e3f295f7e9dd1597c6daac5dc80f90e778c8230218ba8ad599f74adcc11e33b9d61b
  languageName: node
  linkType: hard

"readable-stream@npm:^3.5.0":
  version: 3.6.0
  resolution: "readable-stream@npm:3.6.0"
  dependencies:
    inherits: ^2.0.3
    string_decoder: ^1.1.1
    util-deprecate: ^1.0.1
  checksum: d4ea81502d3799439bb955a3a5d1d808592cf3133350ed352aeaa499647858b27b1c4013984900238b0873ec8d0d8defce72469fb7a83e61d53f5ad61cb80dc8
  languageName: node
  linkType: hard

"rxjs@npm:7.5.1":
  version: 7.5.1
  resolution: "rxjs@npm:7.5.1"
  dependencies:
    tslib: ^2.1.0
  checksum: 78e3eecb1644dd83adabc8d956f879dca62eb19c8afcd6acac71cf6d94534c33ea201e65387494fdeb1332395cba081e194f5a9699d58a5d48e416b8b52372aa
  languageName: node
  linkType: hard

"safe-buffer@npm:~5.1.1":
  version: 5.1.2
  resolution: "safe-buffer@npm:5.1.2"
  checksum: f2f1f7943ca44a594893a852894055cf619c1fbcb611237fc39e461ae751187e7baf4dc391a72125e0ac4fb2d8c5c0b3c71529622e6a58f46b960211e704903c
  languageName: node
  linkType: hard

"safe-buffer@npm:~5.2.0":
  version: 5.2.1
  resolution: "safe-buffer@npm:5.2.1"
  checksum: b99c4b41fdd67a6aaf280fcd05e9ffb0813654894223afb78a31f14a19ad220bba8aba1cb14eddce1fcfb037155fe6de4e861784eb434f7d11ed58d1e70dd491
  languageName: node
  linkType: hard

"scheduler@npm:^0.20.2":
  version: 0.20.2
  resolution: "scheduler@npm:0.20.2"
  dependencies:
    loose-envify: ^1.1.0
    object-assign: ^4.1.1
  checksum: c4b35cf967c8f0d3e65753252d0f260271f81a81e427241295c5a7b783abf4ea9e905f22f815ab66676f5313be0a25f47be582254db8f9241b259213e999b8fc
  languageName: node
  linkType: hard

"serialize-error@npm:9.0.0":
  version: 9.0.0
  resolution: "serialize-error@npm:9.0.0"
  dependencies:
    type-fest: ^2.5.3
  checksum: ee9bb845599c6123b3a58c0a16028356b5f0ce18e2e3ebe59d8fb8aa46271ab74116538b59528fea81c324a0df1af54d9d30209b07b24bac00bd6df14fa8b7a4
  languageName: node
  linkType: hard

"source-map@npm:0.7.3":
  version: 0.7.3
  resolution: "source-map@npm:0.7.3"
  checksum: cd24efb3b8fa69b64bf28e3c1b1a500de77e84260c5b7f2b873f88284df17974157cc88d386ee9b6d081f08fdd8242f3fc05c953685a6ad81aad94c7393dedea
  languageName: node
  linkType: hard

"source-map@npm:^0.6.1":
  version: 0.6.1
  resolution: "source-map@npm:0.6.1"
  checksum: 59ce8640cf3f3124f64ac289012c2b8bd377c238e316fb323ea22fbfe83da07d81e000071d7242cad7a23cd91c7de98e4df8830ec3f133cb6133a5f6e9f67bc2
  languageName: node
  linkType: hard

"stream-browserify@npm:3.0.0":
  version: 3.0.0
  resolution: "stream-browserify@npm:3.0.0"
  dependencies:
    inherits: ~2.0.4
    readable-stream: ^3.5.0
  checksum: 4c47ef64d6f03815a9ca3874e2319805e8e8a85f3550776c47ce523b6f4c6cd57f40e46ec6a9ab8ad260fde61863c2718f250d3bedb3fe9052444eb9abfd9921
  languageName: node
  linkType: hard

"string-hash@npm:1.1.3":
  version: 1.1.3
  resolution: "string-hash@npm:1.1.3"
  checksum: 104b8667a5e0dc71bfcd29fee09cb88c6102e27bfb07c55f95535d90587d016731d52299380052e514266f4028a7a5172e0d9ac58e2f8f5001be61dc77c0754d
  languageName: node
  linkType: hard

"string_decoder@npm:^1.1.1":
  version: 1.3.0
  resolution: "string_decoder@npm:1.3.0"
  dependencies:
    safe-buffer: ~5.2.0
  checksum: 8417646695a66e73aefc4420eb3b84cc9ffd89572861fe004e6aeb13c7bc00e2f616247505d2dbbef24247c372f70268f594af7126f43548565c68c117bdeb56
  languageName: node
  linkType: hard

"styled-jsx@npm:5.0.0-beta.6":
  version: 5.0.0-beta.6
  resolution: "styled-jsx@npm:5.0.0-beta.6"
  dependencies:
    "@babel/plugin-syntax-jsx": 7.14.5
    "@babel/types": 7.15.0
    convert-source-map: 1.7.0
    loader-utils: 1.2.3
    source-map: 0.7.3
    string-hash: 1.1.3
    stylis: 3.5.4
    stylis-rule-sheet: 0.0.10
  peerDependencies:
    react: ">= 16.8.0 || 17.x.x || 18.x.x"
  peerDependenciesMeta:
    "@babel/core":
      optional: true
  checksum: 94c44e8e4d475f8d99459d8c5c619ff1d21d84058e3cda0226fdc02f407ba07d83e37f0a9e236eb34564376128325f2bfcbc1bcfe0de623bd8db4eb9774a0fc3
  languageName: node
  linkType: hard

"stylis-rule-sheet@npm:0.0.10":
  version: 0.0.10
  resolution: "stylis-rule-sheet@npm:0.0.10"
  peerDependencies:
    stylis: ^3.5.0
  checksum: 97ad016c64ecce8d4b2c2c1c3cf3260de3c0e2b151e78f90ded6cc1bfcca536625a77277af16a9c8a241236a9e4fd5b70d88dfa32e9b48afaddb8f102a95582d
  languageName: node
  linkType: hard

"stylis@npm:3.5.4":
  version: 3.5.4
  resolution: "stylis@npm:3.5.4"
  checksum: 3673a748ad236219bd77ca9c0a8730b8726812e612cbc844aa6f029f13666a10cf2825a5f8d41f05e8af02b5987d31b7d3ebe995e4b42e0255366fec23489b77
  languageName: node
  linkType: hard

"supports-color@npm:^8.0.0":
  version: 8.1.1
  resolution: "supports-color@npm:8.1.1"
  dependencies:
    has-flag: ^4.0.0
  checksum: c052193a7e43c6cdc741eb7f378df605636e01ad434badf7324f17fb60c69a880d8d8fcdcb562cf94c2350e57b937d7425ab5b8326c67c2adc48f7c87c1db406
  languageName: node
  linkType: hard

"swr@npm:1.1.2":
  version: 1.1.2
  resolution: "swr@npm:1.1.2"
  peerDependencies:
    react: ^16.11.0 || ^17.0.0 || ^18.0.0
  checksum: 84bf222c667bf4f94bf9bcaf51f11443d69eb6feb82649c06ef8e576c51f52269872dbda4b926f267fd79cfeaf7bd84c6a62d519db25fe2af1fb811e75163e94
  languageName: node
  linkType: hard

"to-fast-properties@npm:^2.0.0":
  version: 2.0.0
  resolution: "to-fast-properties@npm:2.0.0"
  checksum: be2de62fe58ead94e3e592680052683b1ec986c72d589e7b21e5697f8744cdbf48c266fa72f6c15932894c10187b5f54573a3bcf7da0bfd964d5caf23d436168
  languageName: node
  linkType: hard

"tslib@npm:^2.1.0":
  version: 2.3.1
  resolution: "tslib@npm:2.3.1"
  checksum: de17a98d4614481f7fcb5cd53ffc1aaf8654313be0291e1bfaee4b4bb31a20494b7d218ff2e15017883e8ea9626599b3b0e0229c18383ba9dce89da2adf15cb9
  languageName: node
  linkType: hard

"type-fest@npm:^2.5.3":
  version: 2.5.3
  resolution: "type-fest@npm:2.5.3"
  checksum: ad27aaf1b2917530bd66472881d53584812a12c6a6e9ca6fc00ce295e9cf9e48182ca25ad8cb429dad0a2ce324a71415d07f09d2ddec000e21f542bdb055977f
  languageName: node
  linkType: hard

"typescript@npm:4.5.4":
  version: 4.5.4
  resolution: "typescript@npm:4.5.4"
  bin:
    tsc: bin/tsc
    tsserver: bin/tsserver
  checksum: 59f3243f9cd6fe3161e6150ff6bf795fc843b4234a655dbd938a310515e0d61afd1ac942799e7415e4334255e41c2c49b7dd5d9fd38a17acd25a6779ca7e0961
  languageName: node
  linkType: hard

"typescript@patch:typescript@4.5.4#~builtin<compat/typescript>":
  version: 4.5.4
  resolution: "typescript@patch:typescript@npm%3A4.5.4#~builtin<compat/typescript>::version=4.5.4&hash=ddd1e8"
  bin:
    tsc: bin/tsc
    tsserver: bin/tsserver
  checksum: 270255355c3236076dbbd0900ff0b7b159fac7e6a95f9ed8c59f57361c7dace9f1fbffd3b5eb21377c7f636027382ad89eb64b2acfbcd9e08574f04cfc75ca3d
  languageName: node
  linkType: hard

"url-join@npm:4.0.1":
  version: 4.0.1
  resolution: "url-join@npm:4.0.1"
  checksum: f74e868bf25dbc8be6a8d7237d4c36bb5b6c62c72e594d5ab1347fe91d6af7ccd9eb5d621e30152e4da45c2e9a26bec21390e911ab54a62d4d82e76028374ee5
  languageName: node
  linkType: hard

"use-subscription@npm:1.5.1":
  version: 1.5.1
  resolution: "use-subscription@npm:1.5.1"
  dependencies:
    object-assign: ^4.1.1
  peerDependencies:
    react: ^16.8.0 || ^17.0.0
  checksum: 96e64977a573244fd11350a3141b2cf57fb72dd9dd902f387c8a0a565d0a948bc81588bd7378c6ef6defc0d1119f37f73aac4a7a287c8443abd444bd4e7bbea8
  languageName: node
  linkType: hard

"util-deprecate@npm:^1.0.1":
  version: 1.0.2
  resolution: "util-deprecate@npm:1.0.2"
  checksum: 474acf1146cb2701fe3b074892217553dfcf9a031280919ba1b8d651a068c9b15d863b7303cb15bd00a862b498e6cf4ad7b4a08fb134edd5a6f7641681cb54a2
  languageName: node
  linkType: hard

"with-typescript@workspace:.":
  version: 0.0.0-use.local
  resolution: "with-typescript@workspace:."
  dependencies:
    "@types/lodash": 4.14.178
    "@types/node": 16.11.19
    "@types/promise-memoize": 1.2.1
    "@types/react": 17.0.38
    "@types/react-dom": 17.0.11
    "@types/url-join": 4.0.1
    abort-controller: 3.0.0
    font-awesome: 4.7.0
    make-error: 1.3.6
    make-error-cause: 2.3.0
    next: 12.0.8
    normalize.css: 8.0.1
    observable-hooks: 4.2.0
    path-to-regexp: 6.2.0
    prettier: 2.5.1
    promise-memoize: 1.2.1
    react: 17.0.2
    react-dom: 17.0.2
    rxjs: 7.5.1
    serialize-error: 9.0.0
    swr: 1.1.2
    typescript: 4.5.4
    url-join: 4.0.1
  languageName: unknown
  linkType: soft
