# This file is generated by running "yarn install" inside your project.
# Manual changes might be lost - proceed with caution!

__metadata:
  version: 5
  cacheKey: 8

"@next/env@npm:12.0.10":
  version: 12.0.10
  resolution: "@next/env@npm:12.0.10"
  checksum: 22e9200919a58eeb9ab03e18504ef689120075cb0301189b1f76d96d98cb73de448a54f96d2b388b1f3b6c08bf55021144f0c2bffd0b69720d6b23e1fd2cf27a
  languageName: node
  linkType: hard

"@next/swc-android-arm64@npm:12.0.10":
  version: 12.0.10
  resolution: "@next/swc-android-arm64@npm:12.0.10"
  conditions: os=android & cpu=arm64
  languageName: node
  linkType: hard

"@next/swc-darwin-arm64@npm:12.0.10":
  version: 12.0.10
  resolution: "@next/swc-darwin-arm64@npm:12.0.10"
  conditions: os=darwin & cpu=arm64
  languageName: node
  linkType: hard

"@next/swc-darwin-x64@npm:12.0.10":
  version: 12.0.10
  resolution: "@next/swc-darwin-x64@npm:12.0.10"
  conditions: os=darwin & cpu=x64
  languageName: node
  linkType: hard

"@next/swc-linux-arm-gnueabihf@npm:12.0.10":
  version: 12.0.10
  resolution: "@next/swc-linux-arm-gnueabihf@npm:12.0.10"
  conditions: os=linux & cpu=arm
  languageName: node
  linkType: hard

"@next/swc-linux-arm64-gnu@npm:12.0.10":
  version: 12.0.10
  resolution: "@next/swc-linux-arm64-gnu@npm:12.0.10"
  conditions: os=linux & cpu=arm64
  languageName: node
  linkType: hard

"@next/swc-linux-arm64-musl@npm:12.0.10":
  version: 12.0.10
  resolution: "@next/swc-linux-arm64-musl@npm:12.0.10"
  conditions: os=linux & cpu=arm64
  languageName: node
  linkType: hard

"@next/swc-linux-x64-gnu@npm:12.0.10":
  version: 12.0.10
  resolution: "@next/swc-linux-x64-gnu@npm:12.0.10"
  conditions: os=linux & cpu=x64
  languageName: node
  linkType: hard

"@next/swc-linux-x64-musl@npm:12.0.10":
  version: 12.0.10
  resolution: "@next/swc-linux-x64-musl@npm:12.0.10"
  conditions: os=linux & cpu=x64
  languageName: node
  linkType: hard

"@next/swc-win32-arm64-msvc@npm:12.0.10":
  version: 12.0.10
  resolution: "@next/swc-win32-arm64-msvc@npm:12.0.10"
  conditions: os=win32 & cpu=arm64
  languageName: node
  linkType: hard

"@next/swc-win32-ia32-msvc@npm:12.0.10":
  version: 12.0.10
  resolution: "@next/swc-win32-ia32-msvc@npm:12.0.10"
  conditions: os=win32 & cpu=ia32
  languageName: node
  linkType: hard

"@next/swc-win32-x64-msvc@npm:12.0.10":
  version: 12.0.10
  resolution: "@next/swc-win32-x64-msvc@npm:12.0.10"
  conditions: os=win32 & cpu=x64
  languageName: node
  linkType: hard

"@types/lodash@npm:4.14.178":
  version: 4.14.178
  resolution: "@types/lodash@npm:4.14.178"
  checksum: a69a04a60bfc5257c3130a554b4efa0c383f0141b7b3db8ab7cf07ad2a46ea085fce66d0242da41da7e5647b133d5dfb2c15add9cbed8d7fef955e4a1e5b3128
  languageName: node
  linkType: hard

"@types/node@npm:16.11.22":
  version: 16.11.22
  resolution: "@types/node@npm:16.11.22"
  checksum: 9d879b9b0427e21a11e3162917553d5bc3c7d68d1ef4aa631512144801fe59bc3b4da5965e7ea7c2db99394487b543d4f2499b318e12392574802ac4f975b7c4
  languageName: node
  linkType: hard

"@types/promise-memoize@npm:1.2.1":
  version: 1.2.1
  resolution: "@types/promise-memoize@npm:1.2.1"
  checksum: f018f8d55264ac650cc21b6cbe6de98ab6608ef6a673469d3fe16e4c978a73d7c9a8265a6a0e19d459243c78203f4dd1400280e7ffe8a58091b469dbad398da8
  languageName: node
  linkType: hard

"@types/prop-types@npm:*":
  version: 15.7.3
  resolution: "@types/prop-types@npm:15.7.3"
  checksum: 41831d53c44c9eeafdaf9762bcb4553c13a3bbf990745ed9065a1cc3581b80633113b53fd49b202bf51731b258da5d0a9aa09c9035d5af7f78b0f6bc273f1325
  languageName: node
  linkType: hard

"@types/react-dom@npm:17.0.11":
  version: 17.0.11
  resolution: "@types/react-dom@npm:17.0.11"
  dependencies:
    "@types/react": "*"
  checksum: 4d5730dffbef86c887cecad7e3cecda424ce6a64d0b5441c63b5b015d48219868660a2bb1aa15e897e565ad8867fa6b885d4358b04e1c4e589ba4c07c3fda55c
  languageName: node
  linkType: hard

"@types/react@npm:*":
  version: 17.0.37
  resolution: "@types/react@npm:17.0.37"
  dependencies:
    "@types/prop-types": "*"
    "@types/scheduler": "*"
    csstype: ^3.0.2
  checksum: e68b0d59aa69577fc6a6d654b25d5d8408625498f4c483f160b557fac21e840f6e8807cbde93e9f039949b6d624a019b1990d18499c1d65aecf3605c25e30242
  languageName: node
  linkType: hard

"@types/react@npm:17.0.39":
  version: 17.0.39
  resolution: "@types/react@npm:17.0.39"
  dependencies:
    "@types/prop-types": "*"
    "@types/scheduler": "*"
    csstype: ^3.0.2
  checksum: bf04d3c2894559012710d595553e12b422d3b91cd8f4f7e122d8cb044ba9c2ba17f6e8a4e09581359cc5509ddc59cd8c8fabd6774f3505a40a45393f074d6e6e
  languageName: node
  linkType: hard

"@types/scheduler@npm:*":
  version: 0.16.1
  resolution: "@types/scheduler@npm:0.16.1"
  checksum: 2ff8034df029a6cbb3623b05fa895cac4fc504806a8e948ebe29675a1edfa5ac04faac7611016076b3ffefc2037bbe344ad1978304059b2d4c78e513ec43c7bf
  languageName: node
  linkType: hard

"@types/url-join@npm:4.0.1":
  version: 4.0.1
  resolution: "@types/url-join@npm:4.0.1"
  checksum: 29444b90e165b3970c8ad3fcef1e2de092e72b67e1f3aaff3016eea1697f98a01a28fb4f71f8044e3338a95bd2262327e9299be416efe5297018658760a331b4
  languageName: node
  linkType: hard

"abort-controller@npm:3.0.0":
  version: 3.0.0
  resolution: "abort-controller@npm:3.0.0"
  dependencies:
    event-target-shim: ^5.0.0
  checksum: 170bdba9b47b7e65906a28c8ce4f38a7a369d78e2271706f020849c1bfe0ee2067d4261df8bbb66eb84f79208fd5b710df759d64191db58cfba7ce8ef9c54b75
  languageName: node
  linkType: hard

"caniuse-lite@npm:^1.0.30001283":
  version: 1.0.30001299
  resolution: "caniuse-lite@npm:1.0.30001299"
  checksum: c770f60ebf3e0cc8043ba4db0ebec12d7a595a6b50cb4437c3c5c55b04de9d2413f711f2828be761e8c37bb46b927a8abe6b199b8f0ffc1a34af0ebdee84be27
  languageName: node
  linkType: hard

"csstype@npm:^3.0.2":
  version: 3.0.5
  resolution: "csstype@npm:3.0.5"
  checksum: bf6a7c84c246b09e4ac21c4890f3e9f7cd203e819fa5f59fee4b642e6a11d403abc5e5fb611367737caec69dec9ccaaa92397d4d528dd99ff0f03791687dd136
  languageName: node
  linkType: hard

"event-target-shim@npm:^5.0.0":
  version: 5.0.1
  resolution: "event-target-shim@npm:5.0.1"
  checksum: 1ffe3bb22a6d51bdeb6bf6f7cf97d2ff4a74b017ad12284cc9e6a279e727dc30a5de6bb613e5596ff4dc3e517841339ad09a7eec44266eccb1aa201a30448166
  languageName: node
  linkType: hard

"font-awesome@npm:4.7.0":
  version: 4.7.0
  resolution: "font-awesome@npm:4.7.0"
  checksum: fa223f6e3b27e97d2d09cdbf0c1363e2ad18d2a685fc045f54e86394db59f7c113482a819de3b6489f42a630a8ec5911b8e65718e45f7cace1c0a1b05d7fce08
  languageName: node
  linkType: hard

"js-tokens@npm:^3.0.0 || ^4.0.0":
  version: 4.0.0
  resolution: "js-tokens@npm:4.0.0"
  checksum: 8a95213a5a77deb6cbe94d86340e8d9ace2b93bc367790b260101d2f36a2eaf4e4e22d9fa9cf459b38af3a32fb4190e638024cf82ec95ef708680e405ea7cc78
  languageName: node
  linkType: hard

"loose-envify@npm:^1.1.0":
  version: 1.4.0
  resolution: "loose-envify@npm:1.4.0"
  dependencies:
    js-tokens: ^3.0.0 || ^4.0.0
  bin:
    loose-envify: cli.js
  checksum: 6517e24e0cad87ec9888f500c5b5947032cdfe6ef65e1c1936a0c48a524b81e65542c9c3edc91c97d5bddc806ee2a985dbc79be89215d613b1de5db6d1cfe6f4
  languageName: node
  linkType: hard

"make-error-cause@npm:2.3.0":
  version: 2.3.0
  resolution: "make-error-cause@npm:2.3.0"
  dependencies:
    make-error: ^1.3.5
  checksum: b0a39e4351e02d42d5aa2901777ebd5f6d7cc03b15dd0c3cdc4302946b934113770a692e6dfbf781c7a178736595a16dc746c3c4b5feba120164cfe3e64f2a1e
  languageName: node
  linkType: hard

"make-error@npm:1.3.6, make-error@npm:^1.3.5":
  version: 1.3.6
  resolution: "make-error@npm:1.3.6"
  checksum: b86e5e0e25f7f777b77fabd8e2cbf15737972869d852a22b7e73c17623928fccb826d8e46b9951501d3f20e51ad74ba8c59ed584f610526a48f8ccf88aaec402
  languageName: node
  linkType: hard

"nanoid@npm:^3.1.30":
  version: 3.2.0
  resolution: "nanoid@npm:3.2.0"
  bin:
    nanoid: bin/nanoid.cjs
  checksum: 3d1d5a69fea84e538057cf64106e713931c4ef32af344068ecff153ff91252f39b0f2b472e09b0dfff43ac3cf520c92938d90e6455121fe93976e23660f4fccc
  languageName: node
  linkType: hard

"next@npm:12.0.10":
  version: 12.0.10
  resolution: "next@npm:12.0.10"
  dependencies:
    "@next/env": 12.0.10
    "@next/swc-android-arm64": 12.0.10
    "@next/swc-darwin-arm64": 12.0.10
    "@next/swc-darwin-x64": 12.0.10
    "@next/swc-linux-arm-gnueabihf": 12.0.10
    "@next/swc-linux-arm64-gnu": 12.0.10
    "@next/swc-linux-arm64-musl": 12.0.10
    "@next/swc-linux-x64-gnu": 12.0.10
    "@next/swc-linux-x64-musl": 12.0.10
    "@next/swc-win32-arm64-msvc": 12.0.10
    "@next/swc-win32-ia32-msvc": 12.0.10
    "@next/swc-win32-x64-msvc": 12.0.10
    caniuse-lite: ^1.0.30001283
    postcss: 8.4.5
    styled-jsx: 5.0.0
    use-subscription: 1.5.1
  peerDependencies:
    fibers: ">= 3.1.0"
    node-sass: ^4.0.0 || ^5.0.0 || ^6.0.0
    react: ^17.0.2 || ^18.0.0-0
    react-dom: ^17.0.2 || ^18.0.0-0
    sass: ^1.3.0
  dependenciesMeta:
    "@next/swc-android-arm64":
      optional: true
    "@next/swc-darwin-arm64":
      optional: true
    "@next/swc-darwin-x64":
      optional: true
    "@next/swc-linux-arm-gnueabihf":
      optional: true
    "@next/swc-linux-arm64-gnu":
      optional: true
    "@next/swc-linux-arm64-musl":
      optional: true
    "@next/swc-linux-x64-gnu":
      optional: true
    "@next/swc-linux-x64-musl":
      optional: true
    "@next/swc-win32-arm64-msvc":
      optional: true
    "@next/swc-win32-ia32-msvc":
      optional: true
    "@next/swc-win32-x64-msvc":
      optional: true
  peerDependenciesMeta:
    fibers:
      optional: true
    node-sass:
      optional: true
    sass:
      optional: true
  bin:
    next: dist/bin/next
  checksum: e92ff09c1f831a5131c4ca6bd5b917bf2ed0ba6c176fe10109096bbd35b5a72e6d8015aa6dc95d635175b4f3d58b1130471c2797088292dec58b10eb38d66662
  languageName: node
  linkType: hard

"normalize.css@npm:8.0.1":
  version: 8.0.1
  resolution: "normalize.css@npm:8.0.1"
  checksum: 4698cae88ec35e3f3e82f9f9402e6ffb906c27ccd6373cad88e6b3f5634fc7a043cb38702472299e5edb73825cf8b18d5fd9283f58829eddda79ea97453049a2
  languageName: node
  linkType: hard

"object-assign@npm:^4.1.1":
  version: 4.1.1
  resolution: "object-assign@npm:4.1.1"
  checksum: fcc6e4ea8c7fe48abfbb552578b1c53e0d194086e2e6bbbf59e0a536381a292f39943c6e9628af05b5528aa5e3318bb30d6b2e53cadaf5b8fe9e12c4b69af23f
  languageName: node
  linkType: hard

"observable-hooks@npm:4.2.0":
  version: 4.2.0
  resolution: "observable-hooks@npm:4.2.0"
  peerDependencies:
    react: ">=16.8.0"
    react-dom: ">=16.8.0"
    rxjs: ">=6.0.0"
  checksum: 00870249989bf98764a68a504c954c06b12a52bc1f0227160b6cf8017b22b64ddf6746a6d30514a7926040ce024b0fb75c14d675baa0381ffefefe84b0a875d8
  languageName: node
  linkType: hard

"path-to-regexp@npm:6.2.0":
  version: 6.2.0
  resolution: "path-to-regexp@npm:6.2.0"
  checksum: a6aca74d2d6e2e7594d812f653cf85e9cb5054d3a8d80f099722a44ef6ad22639b02078e5ea83d11db16321c3e4359e3f1ab0274fa78dad0754a6e53f630b0fc
  languageName: node
  linkType: hard

"picocolors@npm:^1.0.0":
  version: 1.0.0
  resolution: "picocolors@npm:1.0.0"
  checksum: a2e8092dd86c8396bdba9f2b5481032848525b3dc295ce9b57896f931e63fc16f79805144321f72976383fc249584672a75cc18d6777c6b757603f372f745981
  languageName: node
  linkType: hard

"postcss@npm:8.4.5":
  version: 8.4.5
  resolution: "postcss@npm:8.4.5"
  dependencies:
    nanoid: ^3.1.30
    picocolors: ^1.0.0
    source-map-js: ^1.0.1
  checksum: b78abdd89c10f7b48f4bdcd376104a19d6e9c7495ab521729bdb3df315af6c211360e9f06887ad3bc0ab0f61a04b91d68ea11462997c79cced58b9ccd66fac07
  languageName: node
  linkType: hard

"prettier@npm:2.5.1":
  version: 2.5.1
  resolution: "prettier@npm:2.5.1"
  bin:
    prettier: bin-prettier.js
  checksum: 21b9408476ea1c544b0e45d51ceb94a84789ff92095abb710942d780c862d0daebdb29972d47f6b4d0f7ebbfb0ffbf56cc2cfa3e3e9d1cca54864af185b15b66
  languageName: node
  linkType: hard

"promise-memoize@npm:1.2.1":
  version: 1.2.1
  resolution: "promise-memoize@npm:1.2.1"
  checksum: 4fb9dffbd52e58060596f64243e8d04873feeba3e4e6486df6d89ad7036211b5c380ff1d303b8e3b25fcd43ce81c74141d3271db9a6c46914db733c9c6a6b742
  languageName: node
  linkType: hard

"react-dom@npm:17.0.2":
  version: 17.0.2
  resolution: "react-dom@npm:17.0.2"
  dependencies:
    loose-envify: ^1.1.0
    object-assign: ^4.1.1
    scheduler: ^0.20.2
  peerDependencies:
    react: 17.0.2
  checksum: 1c1eaa3bca7c7228d24b70932e3d7c99e70d1d04e13bb0843bbf321582bc25d7961d6b8a6978a58a598af2af496d1cedcfb1bf65f6b0960a0a8161cb8dab743c
  languageName: node
  linkType: hard

"react@npm:17.0.2":
  version: 17.0.2
  resolution: "react@npm:17.0.2"
  dependencies:
    loose-envify: ^1.1.0
    object-assign: ^4.1.1
  checksum: b254cc17ce3011788330f7bbf383ab653c6848902d7936a87b09d835d091e3f295f7e9dd1597c6daac5dc80f90e778c8230218ba8ad599f74adcc11e33b9d61b
  languageName: node
  linkType: hard

"rxjs@npm:7.5.4":
  version: 7.5.4
  resolution: "rxjs@npm:7.5.4"
  dependencies:
    tslib: ^2.1.0
  checksum: 6f55f835f2543bc8214900f9e28b6320e6adc95875011fbca63e80a66eb18c9ff7cfdccb23b2180cbb6412762b98ed158c89fd51cb020799d127c66ea38c3c0e
  languageName: node
  linkType: hard

"scheduler@npm:^0.20.2":
  version: 0.20.2
  resolution: "scheduler@npm:0.20.2"
  dependencies:
    loose-envify: ^1.1.0
    object-assign: ^4.1.1
  checksum: c4b35cf967c8f0d3e65753252d0f260271f81a81e427241295c5a7b783abf4ea9e905f22f815ab66676f5313be0a25f47be582254db8f9241b259213e999b8fc
  languageName: node
  linkType: hard

"serialize-error@npm:9.0.0":
  version: 9.0.0
  resolution: "serialize-error@npm:9.0.0"
  dependencies:
    type-fest: ^2.5.3
  checksum: ee9bb845599c6123b3a58c0a16028356b5f0ce18e2e3ebe59d8fb8aa46271ab74116538b59528fea81c324a0df1af54d9d30209b07b24bac00bd6df14fa8b7a4
  languageName: node
  linkType: hard

"source-map-js@npm:^1.0.1":
  version: 1.0.2
  resolution: "source-map-js@npm:1.0.2"
  checksum: c049a7fc4deb9a7e9b481ae3d424cc793cb4845daa690bc5a05d428bf41bf231ced49b4cf0c9e77f9d42fdb3d20d6187619fc586605f5eabe995a316da8d377c
  languageName: node
  linkType: hard

"styled-jsx@npm:5.0.0":
  version: 5.0.0
  resolution: "styled-jsx@npm:5.0.0"
  peerDependencies:
    react: ">= 16.8.0 || 17.x.x || 18.x.x"
  peerDependenciesMeta:
    "@babel/core":
      optional: true
    babel-plugin-macros:
      optional: true
  checksum: 4958238ac8b8e90ac7d906aca3821e3ffb0c70c34c78b87d27f0f11c830c8237c8f4c0e7952dc51373d6fa097b16a023dcc7c9ededd402d8483b5ed2d8cefda9
  languageName: node
  linkType: hard

"swr@npm:1.2.1":
  version: 1.2.1
  resolution: "swr@npm:1.2.1"
  peerDependencies:
    react: ^16.11.0 || ^17.0.0 || ^18.0.0
  checksum: 87f6093f468dc76f31d7dc7bdd8f925cd9d8a8e8062eecaf6e17ba4ffeb4d5aebe01e73e0cf30ef0e913121f630c33e393eeff8aab6e5479cb3291cd7f2d7dca
  languageName: node
  linkType: hard

"tslib@npm:^2.1.0":
  version: 2.3.1
  resolution: "tslib@npm:2.3.1"
  checksum: de17a98d4614481f7fcb5cd53ffc1aaf8654313be0291e1bfaee4b4bb31a20494b7d218ff2e15017883e8ea9626599b3b0e0229c18383ba9dce89da2adf15cb9
  languageName: node
  linkType: hard

"type-fest@npm:^2.5.3":
  version: 2.5.3
  resolution: "type-fest@npm:2.5.3"
  checksum: ad27aaf1b2917530bd66472881d53584812a12c6a6e9ca6fc00ce295e9cf9e48182ca25ad8cb429dad0a2ce324a71415d07f09d2ddec000e21f542bdb055977f
  languageName: node
  linkType: hard

"typescript@npm:4.5.5":
  version: 4.5.5
  resolution: "typescript@npm:4.5.5"
  bin:
    tsc: bin/tsc
    tsserver: bin/tsserver
  checksum: 506f4c919dc8aeaafa92068c997f1d213b9df4d9756d0fae1a1e7ab66b585ab3498050e236113a1c9e57ee08c21ec6814ca7a7f61378c058d79af50a4b1f5a5e
  languageName: node
  linkType: hard

"typescript@patch:typescript@4.5.5#~builtin<compat/typescript>":
  version: 4.5.5
  resolution: "typescript@patch:typescript@npm%3A4.5.5#~builtin<compat/typescript>::version=4.5.5&hash=ddd1e8"
  bin:
    tsc: bin/tsc
    tsserver: bin/tsserver
  checksum: 9cdde4aae20b2904431f3f2ca8acaf3b0cc52faddf68aa88b288c9d0520221817da43783a756fce7ab9360033ada0371c3ff93dfc4bdb4b13f6e9bac64e1658d
  languageName: node
  linkType: hard

"url-join@npm:4.0.1":
  version: 4.0.1
  resolution: "url-join@npm:4.0.1"
  checksum: f74e868bf25dbc8be6a8d7237d4c36bb5b6c62c72e594d5ab1347fe91d6af7ccd9eb5d621e30152e4da45c2e9a26bec21390e911ab54a62d4d82e76028374ee5
  languageName: node
  linkType: hard

"use-subscription@npm:1.5.1":
  version: 1.5.1
  resolution: "use-subscription@npm:1.5.1"
  dependencies:
    object-assign: ^4.1.1
  peerDependencies:
    react: ^16.8.0 || ^17.0.0
  checksum: 96e64977a573244fd11350a3141b2cf57fb72dd9dd902f387c8a0a565d0a948bc81588bd7378c6ef6defc0d1119f37f73aac4a7a287c8443abd444bd4e7bbea8
  languageName: node
  linkType: hard

"with-typescript@workspace:.":
  version: 0.0.0-use.local
  resolution: "with-typescript@workspace:."
  dependencies:
    "@types/lodash": 4.14.178
    "@types/node": 16.11.22
    "@types/promise-memoize": 1.2.1
    "@types/react": 17.0.39
    "@types/react-dom": 17.0.11
    "@types/url-join": 4.0.1
    abort-controller: 3.0.0
    font-awesome: 4.7.0
    make-error: 1.3.6
    make-error-cause: 2.3.0
    next: 12.0.10
    normalize.css: 8.0.1
    observable-hooks: 4.2.0
    path-to-regexp: 6.2.0
    prettier: 2.5.1
    promise-memoize: 1.2.1
    react: 17.0.2
    react-dom: 17.0.2
    rxjs: 7.5.4
    serialize-error: 9.0.0
    swr: 1.2.1
    typescript: 4.5.5
    url-join: 4.0.1
  languageName: unknown
  linkType: soft
